
Microsoft Visual Studio Solution File, Format Version 12.00
# Visual Studio Version 16
VisualStudioVersion = 16.0.30621.155
MinimumVisualStudioVersion = 10.0.40219.1
Project("{8BC9CEB8-8B4A-11D0-8D11-00A0C91BC942}") = "MyThreadPool", "MyThreadPool\MyThreadPool.vcxproj", "{F1F3AAF2-A194-47B4-A0D3-69D58B01C30A}"
EndProject
Project("{8BC9CEB8-8B4A-11D0-8D11-00A0C91BC942}") = "temp", "temp\temp.vcxproj", "{806C8611-F039-4D98-82B5-7BDCC05FE159}"
EndProject
Global
	GlobalSection(SolutionConfigurationPlatforms) = preSolution
		Debug|x64 = Debug|x64
		Debug|x86 = Debug|x86
		Release|x64 = Release|x64
		Release|x86 = Release|x86
	EndGlobalSection
	GlobalSection(ProjectConfigurationPlatforms) = postSolution
		{F1F3AAF2-A194-47B4-A0D3-69D58B01C30A}.Debug|x64.ActiveCfg = Debug|x64
		{F1F3AAF2-A194-47B4-A0D3-69D58B01C30A}.Debug|x64.Build.0 = Debug|x64
		{F1F3AAF2-A194-47B4-A0D3-69D58B01C30A}.Debug|x86.ActiveCfg = Debug|Win32
		{F1F3AAF2-A194-47B4-A0D3-69D58B01C30A}.Debug|x86.Build.0 = Debug|Win32
		{F1F3AAF2-A194-47B4-A0D3-69D58B01C30A}.Release|x64.ActiveCfg = Release|x64
		{F1F3AAF2-A194-47B4-A0D3-69D58B01C30A}.Release|x64.Build.0 = Release|x64
		{F1F3AAF2-A194-47B4-A0D3-69D58B01C30A}.Release|x86.ActiveCfg = Release|Win32
		{F1F3AAF2-A194-47B4-A0D3-69D58B01C30A}.Release|x86.Build.0 = Release|Win32
		{806C8611-F039-4D98-82B5-7BDCC05FE159}.Debug|x64.ActiveCfg = Debug|x64
		{806C8611-F039-4D98-82B5-7BDCC05FE159}.Debug|x64.Build.0 = Debug|x64
		{806C8611-F039-4D98-82B5-7BDCC05FE159}.Debug|x86.ActiveCfg = Debug|Win32
		{806C8611-F039-4D98-82B5-7BDCC05FE159}.Debug|x86.Build.0 = Debug|Win32
		{806C8611-F039-4D98-82B5-7BDCC05FE159}.Release|x64.ActiveCfg = Release|x64
		{806C8611-F039-4D98-82B5-7BDCC05FE159}.Release|x64.Build.0 = Release|x64
		{806C8611-F039-4D98-82B5-7BDCC05FE159}.Release|x86.ActiveCfg = Release|Win32
		{806C8611-F039-4D98-82B5-7BDCC05FE159}.Release|x86.Build.0 = Release|Win32
	EndGlobalSection
	GlobalSection(SolutionProperties) = preSolution
		HideSolutionNode = FALSE
	EndGlobalSection
	GlobalSection(ExtensibilityGlobals) = postSolution
		SolutionGuid = {401CE252-F83F-4A80-AD1A-10BF80E18A92}
	EndGlobalSection
EndGlobal
